
Microsoft Visual Studio Solution File, Format Version 12.00
Project("{FAE04EC0-301F-11D3-BF4B-00C04F79EFBC}") = "PathUtils", "PathUtils\PathUtils.csproj", "{2F0A4CFE-D900-46E4-8025-32D4501447EB}"
EndProject
Global
	GlobalSection(SolutionConfigurationPlatforms) = preSolution
		Debug|Any CPU = Debug|Any CPU
		Release|Any CPU = Release|Any CPU
	EndGlobalSection
	GlobalSection(ProjectConfigurationPlatforms) = postSolution
		{2F0A4CFE-D900-46E4-8025-32D4501447EB}.Debug|Any CPU.ActiveCfg = Debug|Any CPU
		{2F0A4CFE-D900-46E4-8025-32D4501447EB}.Debug|Any CPU.Build.0 = Debug|Any CPU
		{2F0A4CFE-D900-46E4-8025-32D4501447EB}.Release|Any CPU.ActiveCfg = Release|Any CPU
		{2F0A4CFE-D900-46E4-8025-32D4501447EB}.Release|Any CPU.Build.0 = Release|Any CPU
	EndGlobalSection
EndGlobal
